// !$*UTF8*$!
{
	archiveVersion = 1;
	classes = {
	};
	objectVersion = 46;
	objects = {

/* Begin PBXBuildFile section */
		127E66421BAB2E8400B4C3DD /* main.m in Sources */ = {isa = PBXBuildFile; fileRef = 127E66411BAB2E8400B4C3DD /* main.m */; };
		127E66451BAB2E8400B4C3DD /* RPPAppDelegate.m in Sources */ = {isa = PBXBuildFile; fileRef = 127E66441BAB2E8400B4C3DD /* RPPAppDelegate.m */; };
		127E66481BAB2E8400B4C3DD /* RPPMainViewController.m in Sources */ = {isa = PBXBuildFile; fileRef = 127E66471BAB2E8400B4C3DD /* RPPMainViewController.m */; };
		127E664B1BAB2E8400B4C3DD /* Main.storyboard in Resources */ = {isa = PBXBuildFile; fileRef = 127E66491BAB2E8400B4C3DD /* Main.storyboard */; };
		127E664E1BAB2E8400B4C3DD /* Receipts.xcdatamodeld in Sources */ = {isa = PBXBuildFile; fileRef = 127E664C1BAB2E8400B4C3DD /* Receipts.xcdatamodeld */; };
		127E66501BAB2E8400B4C3DD /* Assets.xcassets in Resources */ = {isa = PBXBuildFile; fileRef = 127E664F1BAB2E8400B4C3DD /* Assets.xcassets */; };
		127E66531BAB2E8400B4C3DD /* LaunchScreen.storyboard in Resources */ = {isa = PBXBuildFile; fileRef = 127E66511BAB2E8400B4C3DD /* LaunchScreen.storyboard */; };
		127E665E1BAB2E8400B4C3DD /* Receipts__Tests.m in Sources */ = {isa = PBXBuildFile; fileRef = 127E665D1BAB2E8400B4C3DD /* Receipts__Tests.m */; };
		127E66691BAB2E8400B4C3DD /* Receipts__UITests.m in Sources */ = {isa = PBXBuildFile; fileRef = 127E66681BAB2E8400B4C3DD /* Receipts__UITests.m */; };
		12E8DBD01BAB57FF0036908D /* RPPAddViewController.m in Sources */ = {isa = PBXBuildFile; fileRef = 12E8DBCF1BAB57FF0036908D /* RPPAddViewController.m */; settings = {ASSET_TAGS = (); }; };
		12E8DBD41BAB6BEB0036908D /* NSNumber+NumberFromString.m in Sources */ = {isa = PBXBuildFile; fileRef = 12E8DBD21BAB6BEB0036908D /* NSNumber+NumberFromString.m */; settings = {ASSET_TAGS = (); }; };
		12E8DBE81BAB76080036908D /* RPPReceipt+CoreDataProperties.m in Sources */ = {isa = PBXBuildFile; fileRef = 12E8DBE11BAB76080036908D /* RPPReceipt+CoreDataProperties.m */; settings = {ASSET_TAGS = (); }; };
		12E8DBE91BAB76080036908D /* RPPReceipt.m in Sources */ = {isa = PBXBuildFile; fileRef = 12E8DBE31BAB76080036908D /* RPPReceipt.m */; settings = {ASSET_TAGS = (); }; };
		12E8DBEA1BAB76080036908D /* RPPTag+CoreDataProperties.m in Sources */ = {isa = PBXBuildFile; fileRef = 12E8DBE51BAB76080036908D /* RPPTag+CoreDataProperties.m */; settings = {ASSET_TAGS = (); }; };
		12E8DBEB1BAB76080036908D /* RPPTag.m in Sources */ = {isa = PBXBuildFile; fileRef = 12E8DBE71BAB76080036908D /* RPPTag.m */; settings = {ASSET_TAGS = (); }; };
		12E8DBEE1BAB78EF0036908D /* NSNumber+CurrencyFormat.m in Sources */ = {isa = PBXBuildFile; fileRef = 12E8DBED1BAB78EF0036908D /* NSNumber+CurrencyFormat.m */; settings = {ASSET_TAGS = (); }; };
		12E8DBF11BAB7A680036908D /* NSDate+FormattedDate.m in Sources */ = {isa = PBXBuildFile; fileRef = 12E8DBEF1BAB7A680036908D /* NSDate+FormattedDate.m */; settings = {ASSET_TAGS = (); }; };
/* End PBXBuildFile section */

/* Begin PBXContainerItemProxy section */
		127E665A1BAB2E8400B4C3DD /* PBXContainerItemProxy */ = {
			isa = PBXContainerItemProxy;
			containerPortal = 127E66351BAB2E8400B4C3DD /* Project object */;
			proxyType = 1;
			remoteGlobalIDString = 127E663C1BAB2E8400B4C3DD;
			remoteInfo = "Receipts++";
		};
		127E66651BAB2E8400B4C3DD /* PBXContainerItemProxy */ = {
			isa = PBXContainerItemProxy;
			containerPortal = 127E66351BAB2E8400B4C3DD /* Project object */;
			proxyType = 1;
			remoteGlobalIDString = 127E663C1BAB2E8400B4C3DD;
			remoteInfo = "Receipts++";
		};
/* End PBXContainerItemProxy section */

/* Begin PBXFileReference section */
		127E663D1BAB2E8400B4C3DD /* Receipts++.app */ = {isa = PBXFileReference; explicitFileType = wrapper.application; includeInIndex = 0; path = "Receipts++.app"; sourceTree = BUILT_PRODUCTS_DIR; };
		127E66411BAB2E8400B4C3DD /* main.m */ = {isa = PBXFileReference; lastKnownFileType = sourcecode.c.objc; path = main.m; sourceTree = "<group>"; };
		127E66431BAB2E8400B4C3DD /* RPPAppDelegate.h */ = {isa = PBXFileReference; lastKnownFileType = sourcecode.c.h; path = RPPAppDelegate.h; sourceTree = "<group>"; };
		127E66441BAB2E8400B4C3DD /* RPPAppDelegate.m */ = {isa = PBXFileReference; lastKnownFileType = sourcecode.c.objc; path = RPPAppDelegate.m; sourceTree = "<group>"; };
		127E66461BAB2E8400B4C3DD /* RPPMainViewController.h */ = {isa = PBXFileReference; lastKnownFileType = sourcecode.c.h; path = RPPMainViewController.h; sourceTree = "<group>"; };
		127E66471BAB2E8400B4C3DD /* RPPMainViewController.m */ = {isa = PBXFileReference; lastKnownFileType = sourcecode.c.objc; path = RPPMainViewController.m; sourceTree = "<group>"; };
		127E664A1BAB2E8400B4C3DD /* Base */ = {isa = PBXFileReference; lastKnownFileType = file.storyboard; name = Base; path = Base.lproj/Main.storyboard; sourceTree = "<group>"; };
		127E664D1BAB2E8400B4C3DD /* Receipts.xcdatamodel */ = {isa = PBXFileReference; lastKnownFileType = wrapper.xcdatamodel; path = Receipts.xcdatamodel; sourceTree = "<group>"; };
		127E664F1BAB2E8400B4C3DD /* Assets.xcassets */ = {isa = PBXFileReference; lastKnownFileType = folder.assetcatalog; path = Assets.xcassets; sourceTree = "<group>"; };
		127E66521BAB2E8400B4C3DD /* Base */ = {isa = PBXFileReference; lastKnownFileType = file.storyboard; name = Base; path = Base.lproj/LaunchScreen.storyboard; sourceTree = "<group>"; };
		127E66541BAB2E8400B4C3DD /* Info.plist */ = {isa = PBXFileReference; lastKnownFileType = text.plist.xml; path = Info.plist; sourceTree = "<group>"; };
		127E66591BAB2E8400B4C3DD /* Receipts++Tests.xctest */ = {isa = PBXFileReference; explicitFileType = wrapper.cfbundle; includeInIndex = 0; path = "Receipts++Tests.xctest"; sourceTree = BUILT_PRODUCTS_DIR; };
		127E665D1BAB2E8400B4C3DD /* Receipts__Tests.m */ = {isa = PBXFileReference; lastKnownFileType = sourcecode.c.objc; path = Receipts__Tests.m; sourceTree = "<group>"; };
		127E665F1BAB2E8400B4C3DD /* Info.plist */ = {isa = PBXFileReference; lastKnownFileType = text.plist.xml; path = Info.plist; sourceTree = "<group>"; };
		127E66641BAB2E8400B4C3DD /* Receipts++UITests.xctest */ = {isa = PBXFileReference; explicitFileType = wrapper.cfbundle; includeInIndex = 0; path = "Receipts++UITests.xctest"; sourceTree = BUILT_PRODUCTS_DIR; };
		127E66681BAB2E8400B4C3DD /* Receipts__UITests.m */ = {isa = PBXFileReference; lastKnownFileType = sourcecode.c.objc; path = Receipts__UITests.m; sourceTree = "<group>"; };
		127E666A1BAB2E8400B4C3DD /* Info.plist */ = {isa = PBXFileReference; lastKnownFileType = text.plist.xml; path = Info.plist; sourceTree = "<group>"; };
		12E8DBCE1BAB57FF0036908D /* RPPAddViewController.h */ = {isa = PBXFileReference; fileEncoding = 4; lastKnownFileType = sourcecode.c.h; path = RPPAddViewController.h; sourceTree = "<group>"; };
		12E8DBCF1BAB57FF0036908D /* RPPAddViewController.m */ = {isa = PBXFileReference; fileEncoding = 4; lastKnownFileType = sourcecode.c.objc; path = RPPAddViewController.m; sourceTree = "<group>"; };
		12E8DBD11BAB68FD0036908D /* RPPConstants.h */ = {isa = PBXFileReference; fileEncoding = 4; lastKnownFileType = sourcecode.c.h; path = RPPConstants.h; sourceTree = "<group>"; };
		12E8DBD21BAB6BEB0036908D /* NSNumber+NumberFromString.m */ = {isa = PBXFileReference; fileEncoding = 4; lastKnownFileType = sourcecode.c.objc; path = "NSNumber+NumberFromString.m"; sourceTree = "<group>"; };
		12E8DBD31BAB6BEB0036908D /* NSNumber+NumberFromString.h */ = {isa = PBXFileReference; fileEncoding = 4; lastKnownFileType = sourcecode.c.h; path = "NSNumber+NumberFromString.h"; sourceTree = "<group>"; };
		12E8DBE01BAB76080036908D /* RPPReceipt+CoreDataProperties.h */ = {isa = PBXFileReference; fileEncoding = 4; lastKnownFileType = sourcecode.c.h; name = "RPPReceipt+CoreDataProperties.h"; path = "Model/RPPReceipt+CoreDataProperties.h"; sourceTree = "<group>"; };
		12E8DBE11BAB76080036908D /* RPPReceipt+CoreDataProperties.m */ = {isa = PBXFileReference; fileEncoding = 4; lastKnownFileType = sourcecode.c.objc; name = "RPPReceipt+CoreDataProperties.m"; path = "Model/RPPReceipt+CoreDataProperties.m"; sourceTree = "<group>"; };
		12E8DBE21BAB76080036908D /* RPPReceipt.h */ = {isa = PBXFileReference; fileEncoding = 4; lastKnownFileType = sourcecode.c.h; name = RPPReceipt.h; path = Model/RPPReceipt.h; sourceTree = "<group>"; };
		12E8DBE31BAB76080036908D /* RPPReceipt.m */ = {isa = PBXFileReference; fileEncoding = 4; lastKnownFileType = sourcecode.c.objc; name = RPPReceipt.m; path = Model/RPPReceipt.m; sourceTree = "<group>"; };
		12E8DBE41BAB76080036908D /* RPPTag+CoreDataProperties.h */ = {isa = PBXFileReference; fileEncoding = 4; lastKnownFileType = sourcecode.c.h; name = "RPPTag+CoreDataProperties.h"; path = "Model/RPPTag+CoreDataProperties.h"; sourceTree = "<group>"; };
		12E8DBE51BAB76080036908D /* RPPTag+CoreDataProperties.m */ = {isa = PBXFileReference; fileEncoding = 4; lastKnownFileType = sourcecode.c.objc; name = "RPPTag+CoreDataProperties.m"; path = "Model/RPPTag+CoreDataProperties.m"; sourceTree = "<group>"; };
		12E8DBE61BAB76080036908D /* RPPTag.h */ = {isa = PBXFileReference; fileEncoding = 4; lastKnownFileType = sourcecode.c.h; name = RPPTag.h; path = Model/RPPTag.h; sourceTree = "<group>"; };
		12E8DBE71BAB76080036908D /* RPPTag.m */ = {isa = PBXFileReference; fileEncoding = 4; lastKnownFileType = sourcecode.c.objc; name = RPPTag.m; path = Model/RPPTag.m; sourceTree = "<group>"; };
		12E8DBEC1BAB78EF0036908D /* NSNumber+CurrencyFormat.h */ = {isa = PBXFileReference; fileEncoding = 4; lastKnownFileType = sourcecode.c.h; path = "NSNumber+CurrencyFormat.h"; sourceTree = "<group>"; };
		12E8DBED1BAB78EF0036908D /* NSNumber+CurrencyFormat.m */ = {isa = PBXFileReference; fileEncoding = 4; lastKnownFileType = sourcecode.c.objc; path = "NSNumber+CurrencyFormat.m"; sourceTree = "<group>"; };
		12E8DBEF1BAB7A680036908D /* NSDate+FormattedDate.m */ = {isa = PBXFileReference; fileEncoding = 4; lastKnownFileType = sourcecode.c.objc; path = "NSDate+FormattedDate.m"; sourceTree = "<group>"; };
		12E8DBF01BAB7A680036908D /* NSDate+FormattedDate.h */ = {isa = PBXFileReference; fileEncoding = 4; lastKnownFileType = sourcecode.c.h; path = "NSDate+FormattedDate.h"; sourceTree = "<group>"; };
/* End PBXFileReference section */

/* Begin PBXFrameworksBuildPhase section */
		127E663A1BAB2E8400B4C3DD /* Frameworks */ = {
			isa = PBXFrameworksBuildPhase;
			buildActionMask = 2147483647;
			files = (
			);
			runOnlyForDeploymentPostprocessing = 0;
		};
		127E66561BAB2E8400B4C3DD /* Frameworks */ = {
			isa = PBXFrameworksBuildPhase;
			buildActionMask = 2147483647;
			files = (
			);
			runOnlyForDeploymentPostprocessing = 0;
		};
		127E66611BAB2E8400B4C3DD /* Frameworks */ = {
			isa = PBXFrameworksBuildPhase;
			buildActionMask = 2147483647;
			files = (
			);
			runOnlyForDeploymentPostprocessing = 0;
		};
/* End PBXFrameworksBuildPhase section */

/* Begin PBXGroup section */
		126F6BB21BAB512F00F78096 /* Model */ = {
			isa = PBXGroup;
			children = (
				12E8DBE01BAB76080036908D /* RPPReceipt+CoreDataProperties.h */,
				12E8DBE11BAB76080036908D /* RPPReceipt+CoreDataProperties.m */,
				12E8DBE21BAB76080036908D /* RPPReceipt.h */,
				12E8DBE31BAB76080036908D /* RPPReceipt.m */,
				12E8DBE41BAB76080036908D /* RPPTag+CoreDataProperties.h */,
				12E8DBE51BAB76080036908D /* RPPTag+CoreDataProperties.m */,
				12E8DBE61BAB76080036908D /* RPPTag.h */,
				12E8DBE71BAB76080036908D /* RPPTag.m */,
				127E664C1BAB2E8400B4C3DD /* Receipts.xcdatamodeld */,
			);
			name = Model;
			path = ..;
			sourceTree = "<group>";
		};
		127E66341BAB2E8400B4C3DD = {
			isa = PBXGroup;
			children = (
				127E663F1BAB2E8400B4C3DD /* Receipts++ */,
				127E665C1BAB2E8400B4C3DD /* Receipts++Tests */,
				127E66671BAB2E8400B4C3DD /* Receipts++UITests */,
				127E663E1BAB2E8400B4C3DD /* Products */,
			);
			sourceTree = "<group>";
		};
		127E663E1BAB2E8400B4C3DD /* Products */ = {
			isa = PBXGroup;
			children = (
				127E663D1BAB2E8400B4C3DD /* Receipts++.app */,
				127E66591BAB2E8400B4C3DD /* Receipts++Tests.xctest */,
				127E66641BAB2E8400B4C3DD /* Receipts++UITests.xctest */,
			);
			name = Products;
			sourceTree = "<group>";
		};
		127E663F1BAB2E8400B4C3DD /* Receipts++ */ = {
			isa = PBXGroup;
			children = (
				12E8DBD11BAB68FD0036908D /* RPPConstants.h */,
				127E66431BAB2E8400B4C3DD /* RPPAppDelegate.h */,
				127E66441BAB2E8400B4C3DD /* RPPAppDelegate.m */,
				12E8DBCE1BAB57FF0036908D /* RPPAddViewController.h */,
				12E8DBCF1BAB57FF0036908D /* RPPAddViewController.m */,
				127E66461BAB2E8400B4C3DD /* RPPMainViewController.h */,
				127E66471BAB2E8400B4C3DD /* RPPMainViewController.m */,
				12E8DBD21BAB6BEB0036908D /* NSNumber+NumberFromString.m */,
				12E8DBD31BAB6BEB0036908D /* NSNumber+NumberFromString.h */,
				12E8DBEC1BAB78EF0036908D /* NSNumber+CurrencyFormat.h */,
				12E8DBED1BAB78EF0036908D /* NSNumber+CurrencyFormat.m */,
				12E8DBF01BAB7A680036908D /* NSDate+FormattedDate.h */,
				12E8DBEF1BAB7A680036908D /* NSDate+FormattedDate.m */,
				126F6BB21BAB512F00F78096 /* Model */,
				127E66491BAB2E8400B4C3DD /* Main.storyboard */,
				127E664F1BAB2E8400B4C3DD /* Assets.xcassets */,
				127E66511BAB2E8400B4C3DD /* LaunchScreen.storyboard */,
				127E66541BAB2E8400B4C3DD /* Info.plist */,
				127E66401BAB2E8400B4C3DD /* Supporting Files */,
			);
			path = "Receipts++";
			sourceTree = "<group>";
		};
		127E66401BAB2E8400B4C3DD /* Supporting Files */ = {
			isa = PBXGroup;
			children = (
				127E66411BAB2E8400B4C3DD /* main.m */,
			);
			name = "Supporting Files";
			sourceTree = "<group>";
		};
		127E665C1BAB2E8400B4C3DD /* Receipts++Tests */ = {
			isa = PBXGroup;
			children = (
				127E665D1BAB2E8400B4C3DD /* Receipts__Tests.m */,
				127E665F1BAB2E8400B4C3DD /* Info.plist */,
			);
			path = "Receipts++Tests";
			sourceTree = "<group>";
		};
		127E66671BAB2E8400B4C3DD /* Receipts++UITests */ = {
			isa = PBXGroup;
			children = (
				127E66681BAB2E8400B4C3DD /* Receipts__UITests.m */,
				127E666A1BAB2E8400B4C3DD /* Info.plist */,
			);
			path = "Receipts++UITests";
			sourceTree = "<group>";
		};
/* End PBXGroup section */

/* Begin PBXNativeTarget section */
		127E663C1BAB2E8400B4C3DD /* Receipts++ */ = {
			isa = PBXNativeTarget;
			buildConfigurationList = 127E666D1BAB2E8400B4C3DD /* Build configuration list for PBXNativeTarget "Receipts++" */;
			buildPhases = (
				127E66391BAB2E8400B4C3DD /* Sources */,
				127E663A1BAB2E8400B4C3DD /* Frameworks */,
				127E663B1BAB2E8400B4C3DD /* Resources */,
			);
			buildRules = (
			);
			dependencies = (
			);
			name = "Receipts++";
			productName = "Receipts++";
			productReference = 127E663D1BAB2E8400B4C3DD /* Receipts++.app */;
			productType = "com.apple.product-type.application";
		};
		127E66581BAB2E8400B4C3DD /* Receipts++Tests */ = {
			isa = PBXNativeTarget;
			buildConfigurationList = 127E66701BAB2E8400B4C3DD /* Build configuration list for PBXNativeTarget "Receipts++Tests" */;
			buildPhases = (
				127E66551BAB2E8400B4C3DD /* Sources */,
				127E66561BAB2E8400B4C3DD /* Frameworks */,
				127E66571BAB2E8400B4C3DD /* Resources */,
			);
			buildRules = (
			);
			dependencies = (
				127E665B1BAB2E8400B4C3DD /* PBXTargetDependency */,
			);
			name = "Receipts++Tests";
			productName = "Receipts++Tests";
			productReference = 127E66591BAB2E8400B4C3DD /* Receipts++Tests.xctest */;
			productType = "com.apple.product-type.bundle.unit-test";
		};
		127E66631BAB2E8400B4C3DD /* Receipts++UITests */ = {
			isa = PBXNativeTarget;
			buildConfigurationList = 127E66731BAB2E8400B4C3DD /* Build configuration list for PBXNativeTarget "Receipts++UITests" */;
			buildPhases = (
				127E66601BAB2E8400B4C3DD /* Sources */,
				127E66611BAB2E8400B4C3DD /* Frameworks */,
				127E66621BAB2E8400B4C3DD /* Resources */,
			);
			buildRules = (
			);
			dependencies = (
				127E66661BAB2E8400B4C3DD /* PBXTargetDependency */,
			);
			name = "Receipts++UITests";
			productName = "Receipts++UITests";
			productReference = 127E66641BAB2E8400B4C3DD /* Receipts++UITests.xctest */;
			productType = "com.apple.product-type.bundle.ui-testing";
		};
/* End PBXNativeTarget section */

/* Begin PBXProject section */
		127E66351BAB2E8400B4C3DD /* Project object */ = {
			isa = PBXProject;
			attributes = {
				LastUpgradeCheck = 0700;
				ORGANIZATIONNAME = asu;
				TargetAttributes = {
					127E663C1BAB2E8400B4C3DD = {
						CreatedOnToolsVersion = 7.0;
					};
					127E66581BAB2E8400B4C3DD = {
						CreatedOnToolsVersion = 7.0;
						TestTargetID = 127E663C1BAB2E8400B4C3DD;
					};
					127E66631BAB2E8400B4C3DD = {
						CreatedOnToolsVersion = 7.0;
						TestTargetID = 127E663C1BAB2E8400B4C3DD;
					};
				};
			};
			buildConfigurationList = 127E66381BAB2E8400B4C3DD /* Build configuration list for PBXProject "Receipts++" */;
			compatibilityVersion = "Xcode 3.2";
			developmentRegion = English;
			hasScannedForEncodings = 0;
			knownRegions = (
				en,
				Base,
			);
			mainGroup = 127E66341BAB2E8400B4C3DD;
			productRefGroup = 127E663E1BAB2E8400B4C3DD /* Products */;
			projectDirPath = "";
			projectRoot = "";
			targets = (
				127E663C1BAB2E8400B4C3DD /* Receipts++ */,
				127E66581BAB2E8400B4C3DD /* Receipts++Tests */,
				127E66631BAB2E8400B4C3DD /* Receipts++UITests */,
			);
		};
/* End PBXProject section */

/* Begin PBXResourcesBuildPhase section */
		127E663B1BAB2E8400B4C3DD /* Resources */ = {
			isa = PBXResourcesBuildPhase;
			buildActionMask = 2147483647;
			files = (
				127E66531BAB2E8400B4C3DD /* LaunchScreen.storyboard in Resources */,
				127E66501BAB2E8400B4C3DD /* Assets.xcassets in Resources */,
				127E664B1BAB2E8400B4C3DD /* Main.storyboard in Resources */,
			);
			runOnlyForDeploymentPostprocessing = 0;
		};
		127E66571BAB2E8400B4C3DD /* Resources */ = {
			isa = PBXResourcesBuildPhase;
			buildActionMask = 2147483647;
			files = (
			);
			runOnlyForDeploymentPostprocessing = 0;
		};
		127E66621BAB2E8400B4C3DD /* Resources */ = {
			isa = PBXResourcesBuildPhase;
			buildActionMask = 2147483647;
			files = (
			);
			runOnlyForDeploymentPostprocessing = 0;
		};
/* End PBXResourcesBuildPhase section */

/* Begin PBXSourcesBuildPhase section */
		127E66391BAB2E8400B4C3DD /* Sources */ = {
			isa = PBXSourcesBuildPhase;
			buildActionMask = 2147483647;
			files = (
				127E664E1BAB2E8400B4C3DD /* Receipts.xcdatamodeld in Sources */,
				127E66481BAB2E8400B4C3DD /* RPPMainViewController.m in Sources */,
				12E8DBEE1BAB78EF0036908D /* NSNumber+CurrencyFormat.m in Sources */,
				12E8DBF11BAB7A680036908D /* NSDate+FormattedDate.m in Sources */,
				12E8DBD01BAB57FF0036908D /* RPPAddViewController.m in Sources */,
				127E66451BAB2E8400B4C3DD /* RPPAppDelegate.m in Sources */,
				127E66421BAB2E8400B4C3DD /* main.m in Sources */,
				12E8DBEA1BAB76080036908D /* RPPTag+CoreDataProperties.m in Sources */,
				12E8DBE91BAB76080036908D /* RPPReceipt.m in Sources */,
				12E8DBEB1BAB76080036908D /* RPPTag.m in Sources */,
				12E8DBD41BAB6BEB0036908D /* NSNumber+NumberFromString.m in Sources */,
				12E8DBE81BAB76080036908D /* RPPReceipt+CoreDataProperties.m in Sources */,
			);
			runOnlyForDeploymentPostprocessing = 0;
		};
		127E66551BAB2E8400B4C3DD /* Sources */ = {
			isa = PBXSourcesBuildPhase;
			buildActionMask = 2147483647;
			files = (
				127E665E1BAB2E8400B4C3DD /* Receipts__Tests.m in Sources */,
			);
			runOnlyForDeploymentPostprocessing = 0;
		};
		127E66601BAB2E8400B4C3DD /* Sources */ = {
			isa = PBXSourcesBuildPhase;
			buildActionMask = 2147483647;
			files = (
				127E66691BAB2E8400B4C3DD /* Receipts__UITests.m in Sources */,
			);
			runOnlyForDeploymentPostprocessing = 0;
		};
/* End PBXSourcesBuildPhase section */

/* Begin PBXTargetDependency section */
		127E665B1BAB2E8400B4C3DD /* PBXTargetDependency */ = {
			isa = PBXTargetDependency;
			target = 127E663C1BAB2E8400B4C3DD /* Receipts++ */;
			targetProxy = 127E665A1BAB2E8400B4C3DD /* PBXContainerItemProxy */;
		};
		127E66661BAB2E8400B4C3DD /* PBXTargetDependency */ = {
			isa = PBXTargetDependency;
			target = 127E663C1BAB2E8400B4C3DD /* Receipts++ */;
			targetProxy = 127E66651BAB2E8400B4C3DD /* PBXContainerItemProxy */;
		};
/* End PBXTargetDependency section */

/* Begin PBXVariantGroup section */
		127E66491BAB2E8400B4C3DD /* Main.storyboard */ = {
			isa = PBXVariantGroup;
			children = (
				127E664A1BAB2E8400B4C3DD /* Base */,
			);
			name = Main.storyboard;
			sourceTree = "<group>";
		};
		127E66511BAB2E8400B4C3DD /* LaunchScreen.storyboard */ = {
			isa = PBXVariantGroup;
			children = (
				127E66521BAB2E8400B4C3DD /* Base */,
			);
			name = LaunchScreen.storyboard;
			sourceTree = "<group>";
		};
/* End PBXVariantGroup section */

/* Begin XCBuildConfiguration section */
		127E666B1BAB2E8400B4C3DD /* Debug */ = {
			isa = XCBuildConfiguration;
			buildSettings = {
				ALWAYS_SEARCH_USER_PATHS = NO;
				CLANG_CXX_LANGUAGE_STANDARD = "gnu++0x";
				CLANG_CXX_LIBRARY = "libc++";
				CLANG_ENABLE_MODULES = YES;
				CLANG_ENABLE_OBJC_ARC = YES;
				CLANG_WARN_BOOL_CONVERSION = YES;
				CLANG_WARN_CONSTANT_CONVERSION = YES;
				CLANG_WARN_DIRECT_OBJC_ISA_USAGE = YES_ERROR;
				CLANG_WARN_EMPTY_BODY = YES;
				CLANG_WARN_ENUM_CONVERSION = YES;
				CLANG_WARN_INT_CONVERSION = YES;
				CLANG_WARN_OBJC_ROOT_CLASS = YES_ERROR;
				CLANG_WARN_UNREACHABLE_CODE = YES;
				CLANG_WARN__DUPLICATE_METHOD_MATCH = YES;
				"CODE_SIGN_IDENTITY[sdk=iphoneos*]" = "iPhone Developer";
				COPY_PHASE_STRIP = NO;
				DEBUG_INFORMATION_FORMAT = dwarf;
				ENABLE_STRICT_OBJC_MSGSEND = YES;
				ENABLE_TESTABILITY = YES;
				GCC_C_LANGUAGE_STANDARD = gnu99;
				GCC_DYNAMIC_NO_PIC = NO;
				GCC_NO_COMMON_BLOCKS = YES;
				GCC_OPTIMIZATION_LEVEL = 0;
				GCC_PREPROCESSOR_DEFINITIONS = (
					"DEBUG=1",
					"$(inherited)",
				);
				GCC_WARN_64_TO_32_BIT_CONVERSION = YES;
				GCC_WARN_ABOUT_RETURN_TYPE = YES_ERROR;
				GCC_WARN_UNDECLARED_SELECTOR = YES;
				GCC_WARN_UNINITIALIZED_AUTOS = YES_AGGRESSIVE;
				GCC_WARN_UNUSED_FUNCTION = YES;
				GCC_WARN_UNUSED_VARIABLE = YES;
				IPHONEOS_DEPLOYMENT_TARGET = 9.0;
				MTL_ENABLE_DEBUG_INFO = YES;
				ONLY_ACTIVE_ARCH = YES;
				SDKROOT = iphoneos;
			};
			name = Debug;
		};
		127E666C1BAB2E8400B4C3DD /* Release */ = {
			isa = XCBuildConfiguration;
			buildSettings = {
				ALWAYS_SEARCH_USER_PATHS = NO;
				CLANG_CXX_LANGUAGE_STANDARD = "gnu++0x";
				CLANG_CXX_LIBRARY = "libc++";
				CLANG_ENABLE_MODULES = YES;
				CLANG_ENABLE_OBJC_ARC = YES;
				CLANG_WARN_BOOL_CONVERSION = YES;
				CLANG_WARN_CONSTANT_CONVERSION = YES;
				CLANG_WARN_DIRECT_OBJC_ISA_USAGE = YES_ERROR;
				CLANG_WARN_EMPTY_BODY = YES;
				CLANG_WARN_ENUM_CONVERSION = YES;
				CLANG_WARN_INT_CONVERSION = YES;
				CLANG_WARN_OBJC_ROOT_CLASS = YES_ERROR;
				CLANG_WARN_UNREACHABLE_CODE = YES;
				CLANG_WARN__DUPLICATE_METHOD_MATCH = YES;
				"CODE_SIGN_IDENTITY[sdk=iphoneos*]" = "iPhone Developer";
				COPY_PHASE_STRIP = NO;
				DEBUG_INFORMATION_FORMAT = "dwarf-with-dsym";
				ENABLE_NS_ASSERTIONS = NO;
				ENABLE_STRICT_OBJC_MSGSEND = YES;
				GCC_C_LANGUAGE_STANDARD = gnu99;
				GCC_NO_COMMON_BLOCKS = YES;
				GCC_WARN_64_TO_32_BIT_CONVERSION = YES;
				GCC_WARN_ABOUT_RETURN_TYPE = YES_ERROR;
				GCC_WARN_UNDECLARED_SELECTOR = YES;
				GCC_WARN_UNINITIALIZED_AUTOS = YES_AGGRESSIVE;
				GCC_WARN_UNUSED_FUNCTION = YES;
				GCC_WARN_UNUSED_VARIABLE = YES;
				IPHONEOS_DEPLOYMENT_TARGET = 9.0;
				MTL_ENABLE_DEBUG_INFO = NO;
				SDKROOT = iphoneos;
				VALIDATE_PRODUCT = YES;
			};
			name = Release;
		};
		127E666E1BAB2E8400B4C3DD /* Debug */ = {
			isa = XCBuildConfiguration;
			buildSettings = {
				ASSETCATALOG_COMPILER_APPICON_NAME = AppIcon;
				INFOPLIST_FILE = "Receipts++/Info.plist";
				LD_RUNPATH_SEARCH_PATHS = "$(inherited) @executable_path/Frameworks";
				PRODUCT_BUNDLE_IDENTIFIER = "training.asu.Receipts--";
				PRODUCT_NAME = "$(TARGET_NAME)";
			};
			name = Debug;
		};
		127E666F1BAB2E8400B4C3DD /* Release */ = {
			isa = XCBuildConfiguration;
			buildSettings = {
				ASSETCATALOG_COMPILER_APPICON_NAME = AppIcon;
				INFOPLIST_FILE = "Receipts++/Info.plist";
				LD_RUNPATH_SEARCH_PATHS = "$(inherited) @executable_path/Frameworks";
				PRODUCT_BUNDLE_IDENTIFIER = "training.asu.Receipts--";
				PRODUCT_NAME = "$(TARGET_NAME)";
			};
			name = Release;
		};
		127E66711BAB2E8400B4C3DD /* Debug */ = {
			isa = XCBuildConfiguration;
			buildSettings = {
				BUNDLE_LOADER = "$(TEST_HOST)";
				INFOPLIST_FILE = "Receipts++Tests/Info.plist";
				LD_RUNPATH_SEARCH_PATHS = "$(inherited) @executable_path/Frameworks @loader_path/Frameworks";
				PRODUCT_BUNDLE_IDENTIFIER = "training.asu.Receipts--Tests";
				PRODUCT_NAME = "$(TARGET_NAME)";
				TEST_HOST = "$(BUILT_PRODUCTS_DIR)/Receipts++.app/Receipts++";
			};
			name = Debug;
		};
		127E66721BAB2E8400B4C3DD /* Release */ = {
			isa = XCBuildConfiguration;
			buildSettings = {
				BUNDLE_LOADER = "$(TEST_HOST)";
				INFOPLIST_FILE = "Receipts++Tests/Info.plist";
				LD_RUNPATH_SEARCH_PATHS = "$(inherited) @executable_path/Frameworks @loader_path/Frameworks";
				PRODUCT_BUNDLE_IDENTIFIER = "training.asu.Receipts--Tests";
				PRODUCT_NAME = "$(TARGET_NAME)";
				TEST_HOST = "$(BUILT_PRODUCTS_DIR)/Receipts++.app/Receipts++";
			};
			name = Release;
		};
		127E66741BAB2E8400B4C3DD /* Debug */ = {
			isa = XCBuildConfiguration;
			buildSettings = {
				INFOPLIST_FILE = "Receipts++UITests/Info.plist";
				LD_RUNPATH_SEARCH_PATHS = "$(inherited) @executable_path/Frameworks @loader_path/Frameworks";
				PRODUCT_BUNDLE_IDENTIFIER = "training.asu.Receipts--UITests";
				PRODUCT_NAME = "$(TARGET_NAME)";
				TEST_TARGET_NAME = "Receipts++";
				USES_XCTRUNNER = YES;
			};
			name = Debug;
		};
		127E66751BAB2E8400B4C3DD /* Release */ = {
			isa = XCBuildConfiguration;
			buildSettings = {
				INFOPLIST_FILE = "Receipts++UITests/Info.plist";
				LD_RUNPATH_SEARCH_PATHS = "$(inherited) @executable_path/Frameworks @loader_path/Frameworks";
				PRODUCT_BUNDLE_IDENTIFIER = "training.asu.Receipts--UITests";
				PRODUCT_NAME = "$(TARGET_NAME)";
				TEST_TARGET_NAME = "Receipts++";
				USES_XCTRUNNER = YES;
			};
			name = Release;
		};
/* End XCBuildConfiguration section */

/* Begin XCConfigurationList section */
		127E66381BAB2E8400B4C3DD /* Build configuration list for PBXProject "Receipts++" */ = {
			isa = XCConfigurationList;
			buildConfigurations = (
				127E666B1BAB2E8400B4C3DD /* Debug */,
				127E666C1BAB2E8400B4C3DD /* Release */,
			);
			defaultConfigurationIsVisible = 0;
			defaultConfigurationName = Release;
		};
		127E666D1BAB2E8400B4C3DD /* Build configuration list for PBXNativeTarget "Receipts++" */ = {
			isa = XCConfigurationList;
			buildConfigurations = (
				127E666E1BAB2E8400B4C3DD /* Debug */,
				127E666F1BAB2E8400B4C3DD /* Release */,
			);
			defaultConfigurationIsVisible = 0;
			defaultConfigurationName = Release;
		};
		127E66701BAB2E8400B4C3DD /* Build configuration list for PBXNativeTarget "Receipts++Tests" */ = {
			isa = XCConfigurationList;
			buildConfigurations = (
				127E66711BAB2E8400B4C3DD /* Debug */,
				127E66721BAB2E8400B4C3DD /* Release */,
			);
			defaultConfigurationIsVisible = 0;
			defaultConfigurationName = Release;
		};
		127E66731BAB2E8400B4C3DD /* Build configuration list for PBXNativeTarget "Receipts++UITests" */ = {
			isa = XCConfigurationList;
			buildConfigurations = (
				127E66741BAB2E8400B4C3DD /* Debug */,
				127E66751BAB2E8400B4C3DD /* Release */,
			);
			defaultConfigurationIsVisible = 0;
			defaultConfigurationName = Release;
		};
/* End XCConfigurationList section */

/* Begin XCVersionGroup section */
		127E664C1BAB2E8400B4C3DD /* Receipts.xcdatamodeld */ = {
			isa = XCVersionGroup;
			children = (
				127E664D1BAB2E8400B4C3DD /* Receipts.xcdatamodel */,
			);
			currentVersion = 127E664D1BAB2E8400B4C3DD /* Receipts.xcdatamodel */;
			name = Receipts.xcdatamodeld;
			path = "Receipts++/Receipts.xcdatamodeld";
			sourceTree = "<group>";
			versionGroupType = wrapper.xcdatamodel;
		};
/* End XCVersionGroup section */
	};
	rootObject = 127E66351BAB2E8400B4C3DD /* Project object */;
}
